
Microsoft Visual Studio Solution File, Format Version 12.00
# Visual Studio Version 16
VisualStudioVersion = 16.0.31321.278
MinimumVisualStudioVersion = 10.0.40219.1
Project("{FAE04EC0-301F-11D3-BF4B-00C04F79EFBC}") = "SwitchCaseExercise", "SwitchCaseExercise\SwitchCaseExercise.csproj", "{24893A37-5799-426E-886E-00E8D9C4CED7}"
EndProject
Global
	GlobalSection(SolutionConfigurationPlatforms) = preSolution
		Debug|Any CPU = Debug|Any CPU
		Release|Any CPU = Release|Any CPU
	EndGlobalSection
	GlobalSection(ProjectConfigurationPlatforms) = postSolution
		{24893A37-5799-426E-886E-00E8D9C4CED7}.Debug|Any CPU.ActiveCfg = Debug|Any CPU
		{24893A37-5799-426E-886E-00E8D9C4CED7}.Debug|Any CPU.Build.0 = Debug|Any CPU
		{24893A37-5799-426E-886E-00E8D9C4CED7}.Release|Any CPU.ActiveCfg = Release|Any CPU
		{24893A37-5799-426E-886E-00E8D9C4CED7}.Release|Any CPU.Build.0 = Release|Any CPU
	EndGlobalSection
	GlobalSection(SolutionProperties) = preSolution
		HideSolutionNode = FALSE
	EndGlobalSection
	GlobalSection(ExtensibilityGlobals) = postSolution
		SolutionGuid = {4364FB73-A02B-4A51-9F7C-26E80CC2A4F8}
	EndGlobalSection
EndGlobal
